{
  "version": 1,
  "dependencies": {
    ".NETFramework,Version=v4.8": {
      "Digitalroot.References.Unity": {
        "type": "Direct",
        "requested": "[6000.0.61, )",
        "resolved": "6000.0.61",
        "contentHash": "7Q/wooeEhAG/UuIJLXNTTJvLtCHZQIGqOrKGAVSqjJ/ReF0YH3/JhDOAUvZsYNSbJ8ie15maJNZrQK5NUgFzAw=="
      },
      "Digitalroot.Valheim.Common.References": {
        "type": "Direct",
        "requested": "[0.221.12, )",
        "resolved": "0.221.12",
        "contentHash": "6aILrn5hdU3y0x678wnLGTjoHPD5ozNVCihXPO/rnWzU5t0K2mfYYx7pMsB2RVyzK4FsQ5xgieieswKwbcLWsw=="
      }
    }
  }
}